// !$*UTF8*$!
{
	archiveVersion = 1;
	classes = {
	};
	objectVersion = 56;
	objects = {

/* Begin PBXBuildFile section */
		8E30EED02C0E657B00328BCA /* Apple_FrameworksApp.swift in Sources */ = {isa = PBXBuildFile; fileRef = 8E30EECF2C0E657B00328BCA /* Apple_FrameworksApp.swift */; };
		8E30EED22C0E657B00328BCA /* FrameworkGridView.swift in Sources */ = {isa = PBXBuildFile; fileRef = 8E30EED12C0E657B00328BCA /* FrameworkGridView.swift */; };
		8E30EED42C0E657C00328BCA /* Assets.xcassets in Resources */ = {isa = PBXBuildFile; fileRef = 8E30EED32C0E657C00328BCA /* Assets.xcassets */; };
		8E30EED72C0E657C00328BCA /* Preview Assets.xcassets in Resources */ = {isa = PBXBuildFile; fileRef = 8E30EED62C0E657C00328BCA /* Preview Assets.xcassets */; };
		8E5E16EC2C10E2020024E774 /* FrameworkTitleView.swift in Sources */ = {isa = PBXBuildFile; fileRef = 8E5E16EB2C10E2020024E774 /* FrameworkTitleView.swift */; };
		8E5E16EE2C10E25F0024E774 /* XDismissButton.swift in Sources */ = {isa = PBXBuildFile; fileRef = 8E5E16ED2C10E25F0024E774 /* XDismissButton.swift */; };
		8E63A7802C1259A500D4D657 /* SettingsButton.swift in Sources */ = {isa = PBXBuildFile; fileRef = 8E63A77F2C1259A500D4D657 /* SettingsButton.swift */; };
		8E63A7832C125A1200D4D657 /* FrameworkSettingsView.swift in Sources */ = {isa = PBXBuildFile; fileRef = 8E63A7822C125A1200D4D657 /* FrameworkSettingsView.swift */; };
		8E6DCF432C10EDFC002B7FAF /* FrameworkHomeView.swift in Sources */ = {isa = PBXBuildFile; fileRef = 8E6DCF422C10EDFC002B7FAF /* FrameworkHomeView.swift */; };
		8EA785C72C10ECAE009864DE /* FrameworkListView.swift in Sources */ = {isa = PBXBuildFile; fileRef = 8EA785C62C10ECAE009864DE /* FrameworkListView.swift */; };
		8EDA40FF2C0F8770000DF586 /* Framework.swift in Sources */ = {isa = PBXBuildFile; fileRef = 8EDA40FE2C0F8770000DF586 /* Framework.swift */; };
		8EDA41012C0F8FDC000DF586 /* FrameworkDetailView.swift in Sources */ = {isa = PBXBuildFile; fileRef = 8EDA41002C0F8FDC000DF586 /* FrameworkDetailView.swift */; };
		8EDA41032C0F91F6000DF586 /* AFButton.swift in Sources */ = {isa = PBXBuildFile; fileRef = 8EDA41022C0F91F6000DF586 /* AFButton.swift */; };
		8EDA41052C0F94E5000DF586 /* FrameworkViewModel.swift in Sources */ = {isa = PBXBuildFile; fileRef = 8EDA41042C0F94E5000DF586 /* FrameworkViewModel.swift */; };
		8EDA41072C0F99B7000DF586 /* SafariView.swift in Sources */ = {isa = PBXBuildFile; fileRef = 8EDA41062C0F99B7000DF586 /* SafariView.swift */; };
/* End PBXBuildFile section */

/* Begin PBXFileReference section */
		8E30EECC2C0E657B00328BCA /* Apple-Frameworks.app */ = {isa = PBXFileReference; explicitFileType = wrapper.application; includeInIndex = 0; path = "Apple-Frameworks.app"; sourceTree = BUILT_PRODUCTS_DIR; };
		8E30EECF2C0E657B00328BCA /* Apple_FrameworksApp.swift */ = {isa = PBXFileReference; lastKnownFileType = sourcecode.swift; path = Apple_FrameworksApp.swift; sourceTree = "<group>"; };
		8E30EED12C0E657B00328BCA /* FrameworkGridView.swift */ = {isa = PBXFileReference; lastKnownFileType = sourcecode.swift; path = FrameworkGridView.swift; sourceTree = "<group>"; };
		8E30EED32C0E657C00328BCA /* Assets.xcassets */ = {isa = PBXFileReference; lastKnownFileType = folder.assetcatalog; path = Assets.xcassets; sourceTree = "<group>"; };
		8E30EED62C0E657C00328BCA /* Preview Assets.xcassets */ = {isa = PBXFileReference; lastKnownFileType = folder.assetcatalog; path = "Preview Assets.xcassets"; sourceTree = "<group>"; };
		8E5E16EB2C10E2020024E774 /* FrameworkTitleView.swift */ = {isa = PBXFileReference; lastKnownFileType = sourcecode.swift; path = FrameworkTitleView.swift; sourceTree = "<group>"; };
		8E5E16ED2C10E25F0024E774 /* XDismissButton.swift */ = {isa = PBXFileReference; lastKnownFileType = sourcecode.swift; path = XDismissButton.swift; sourceTree = "<group>"; };
		8E63A77F2C1259A500D4D657 /* SettingsButton.swift */ = {isa = PBXFileReference; lastKnownFileType = sourcecode.swift; path = SettingsButton.swift; sourceTree = "<group>"; };
		8E63A7822C125A1200D4D657 /* FrameworkSettingsView.swift */ = {isa = PBXFileReference; lastKnownFileType = sourcecode.swift; path = FrameworkSettingsView.swift; sourceTree = "<group>"; };
		8E6DCF422C10EDFC002B7FAF /* FrameworkHomeView.swift */ = {isa = PBXFileReference; lastKnownFileType = sourcecode.swift; path = FrameworkHomeView.swift; sourceTree = "<group>"; };
		8EA785C62C10ECAE009864DE /* FrameworkListView.swift */ = {isa = PBXFileReference; lastKnownFileType = sourcecode.swift; path = FrameworkListView.swift; sourceTree = "<group>"; };
		8EDA40FE2C0F8770000DF586 /* Framework.swift */ = {isa = PBXFileReference; lastKnownFileType = sourcecode.swift; path = Framework.swift; sourceTree = "<group>"; };
		8EDA41002C0F8FDC000DF586 /* FrameworkDetailView.swift */ = {isa = PBXFileReference; lastKnownFileType = sourcecode.swift; path = FrameworkDetailView.swift; sourceTree = "<group>"; };
		8EDA41022C0F91F6000DF586 /* AFButton.swift */ = {isa = PBXFileReference; lastKnownFileType = sourcecode.swift; path = AFButton.swift; sourceTree = "<group>"; };
		8EDA41042C0F94E5000DF586 /* FrameworkViewModel.swift */ = {isa = PBXFileReference; lastKnownFileType = sourcecode.swift; path = FrameworkViewModel.swift; sourceTree = "<group>"; };
		8EDA41062C0F99B7000DF586 /* SafariView.swift */ = {isa = PBXFileReference; lastKnownFileType = sourcecode.swift; path = SafariView.swift; sourceTree = "<group>"; };
/* End PBXFileReference section */

/* Begin PBXFrameworksBuildPhase section */
		8E30EEC92C0E657B00328BCA /* Frameworks */ = {
			isa = PBXFrameworksBuildPhase;
			buildActionMask = 2147483647;
			files = (
			);
			runOnlyForDeploymentPostprocessing = 0;
		};
/* End PBXFrameworksBuildPhase section */

/* Begin PBXGroup section */
		8E30EEC32C0E657B00328BCA = {
			isa = PBXGroup;
			children = (
				8E30EECE2C0E657B00328BCA /* Apple-Frameworks */,
				8E30EECD2C0E657B00328BCA /* Products */,
			);
			sourceTree = "<group>";
		};
		8E30EECD2C0E657B00328BCA /* Products */ = {
			isa = PBXGroup;
			children = (
				8E30EECC2C0E657B00328BCA /* Apple-Frameworks.app */,
			);
			name = Products;
			sourceTree = "<group>";
		};
		8E30EECE2C0E657B00328BCA /* Apple-Frameworks */ = {
			isa = PBXGroup;
			children = (
				8E5E16F72C10E40C0024E774 /* UIKit Components */,
				8E5E16F42C10E3D40024E774 /* Views */,
				8E6DCF442C10F152002B7FAF /* ViewModels */,
				8E5E16F22C10E3BC0024E774 /* Model */,
				8E5E16EF2C10E36C0024E774 /* Screens */,
				8E30EECF2C0E657B00328BCA /* Apple_FrameworksApp.swift */,
				8E30EED32C0E657C00328BCA /* Assets.xcassets */,
				8E30EED52C0E657C00328BCA /* Preview Content */,
			);
			path = "Apple-Frameworks";
			sourceTree = "<group>";
		};
		8E30EED52C0E657C00328BCA /* Preview Content */ = {
			isa = PBXGroup;
			children = (
				8E30EED62C0E657C00328BCA /* Preview Assets.xcassets */,
			);
			path = "Preview Content";
			sourceTree = "<group>";
		};
		8E5E16EF2C10E36C0024E774 /* Screens */ = {
			isa = PBXGroup;
			children = (
				8E63A7812C1259F100D4D657 /* FrameworkSettingsView */,
				8E6DCF412C10EDE4002B7FAF /* FrameworkHomeView */,
				8EA785C82C10ECBA009864DE /* FrameworkListView */,
				8E5E16F02C10E37C0024E774 /* FrameworkGridView */,
				8E5E16F12C10E39F0024E774 /* FrameworkDetailView */,
			);
			path = Screens;
			sourceTree = "<group>";
		};
		8E5E16F02C10E37C0024E774 /* FrameworkGridView */ = {
			isa = PBXGroup;
			children = (
				8E30EED12C0E657B00328BCA /* FrameworkGridView.swift */,
			);
			path = FrameworkGridView;
			sourceTree = "<group>";
		};
		8E5E16F12C10E39F0024E774 /* FrameworkDetailView */ = {
			isa = PBXGroup;
			children = (
				8EDA41002C0F8FDC000DF586 /* FrameworkDetailView.swift */,
			);
			path = FrameworkDetailView;
			sourceTree = "<group>";
		};
		8E5E16F22C10E3BC0024E774 /* Model */ = {
			isa = PBXGroup;
			children = (
				8EDA40FE2C0F8770000DF586 /* Framework.swift */,
			);
			path = Model;
			sourceTree = "<group>";
		};
		8E5E16F42C10E3D40024E774 /* Views */ = {
			isa = PBXGroup;
			children = (
				8E5E16F62C10E3F00024E774 /* View */,
				8E5E16F52C10E3DB0024E774 /* Buttons */,
			);
			path = Views;
			sourceTree = "<group>";
		};
		8E5E16F52C10E3DB0024E774 /* Buttons */ = {
			isa = PBXGroup;
			children = (
				8EDA41022C0F91F6000DF586 /* AFButton.swift */,
				8E5E16ED2C10E25F0024E774 /* XDismissButton.swift */,
				8E63A77F2C1259A500D4D657 /* SettingsButton.swift */,
			);
			path = Buttons;
			sourceTree = "<group>";
		};
		8E5E16F62C10E3F00024E774 /* View */ = {
			isa = PBXGroup;
			children = (
				8E5E16EB2C10E2020024E774 /* FrameworkTitleView.swift */,
			);
			path = View;
			sourceTree = "<group>";
		};
		8E5E16F72C10E40C0024E774 /* UIKit Components */ = {
			isa = PBXGroup;
			children = (
				8EDA41062C0F99B7000DF586 /* SafariView.swift */,
			);
			path = "UIKit Components";
			sourceTree = "<group>";
		};
		8E63A7812C1259F100D4D657 /* FrameworkSettingsView */ = {
			isa = PBXGroup;
			children = (
				8E63A7822C125A1200D4D657 /* FrameworkSettingsView.swift */,
			);
			path = FrameworkSettingsView;
			sourceTree = "<group>";
		};
		8E6DCF412C10EDE4002B7FAF /* FrameworkHomeView */ = {
			isa = PBXGroup;
			children = (
				8E6DCF422C10EDFC002B7FAF /* FrameworkHomeView.swift */,
			);
			path = FrameworkHomeView;
			sourceTree = "<group>";
		};
		8E6DCF442C10F152002B7FAF /* ViewModels */ = {
			isa = PBXGroup;
			children = (
				8E6DCF452C10F167002B7FAF /* FrameworkViewModel */,
			);
			path = ViewModels;
			sourceTree = "<group>";
		};
		8E6DCF452C10F167002B7FAF /* FrameworkViewModel */ = {
			isa = PBXGroup;
			children = (
				8EDA41042C0F94E5000DF586 /* FrameworkViewModel.swift */,
			);
			path = FrameworkViewModel;
			sourceTree = "<group>";
		};
		8EA785C82C10ECBA009864DE /* FrameworkListView */ = {
			isa = PBXGroup;
			children = (
				8EA785C62C10ECAE009864DE /* FrameworkListView.swift */,
			);
			path = FrameworkListView;
			sourceTree = "<group>";
		};
/* End PBXGroup section */

/* Begin PBXNativeTarget section */
		8E30EECB2C0E657B00328BCA /* Apple-Frameworks */ = {
			isa = PBXNativeTarget;
			buildConfigurationList = 8E30EEDA2C0E657C00328BCA /* Build configuration list for PBXNativeTarget "Apple-Frameworks" */;
			buildPhases = (
				8E30EEC82C0E657B00328BCA /* Sources */,
				8E30EEC92C0E657B00328BCA /* Frameworks */,
				8E30EECA2C0E657B00328BCA /* Resources */,
			);
			buildRules = (
			);
			dependencies = (
			);
			name = "Apple-Frameworks";
			productName = "Apple-Frameworks";
			productReference = 8E30EECC2C0E657B00328BCA /* Apple-Frameworks.app */;
			productType = "com.apple.product-type.application";
		};
/* End PBXNativeTarget section */

/* Begin PBXProject section */
		8E30EEC42C0E657B00328BCA /* Project object */ = {
			isa = PBXProject;
			attributes = {
				BuildIndependentTargetsInParallel = 1;
				LastSwiftUpdateCheck = 1520;
				LastUpgradeCheck = 1520;
				TargetAttributes = {
					8E30EECB2C0E657B00328BCA = {
						CreatedOnToolsVersion = 15.2;
					};
				};
			};
			buildConfigurationList = 8E30EEC72C0E657B00328BCA /* Build configuration list for PBXProject "Apple-Frameworks" */;
			compatibilityVersion = "Xcode 14.0";
			developmentRegion = en;
			hasScannedForEncodings = 0;
			knownRegions = (
				en,
				Base,
			);
			mainGroup = 8E30EEC32C0E657B00328BCA;
			productRefGroup = 8E30EECD2C0E657B00328BCA /* Products */;
			projectDirPath = "";
			projectRoot = "";
			targets = (
				8E30EECB2C0E657B00328BCA /* Apple-Frameworks */,
			);
		};
/* End PBXProject section */

/* Begin PBXResourcesBuildPhase section */
		8E30EECA2C0E657B00328BCA /* Resources */ = {
			isa = PBXResourcesBuildPhase;
			buildActionMask = 2147483647;
			files = (
				8E30EED72C0E657C00328BCA /* Preview Assets.xcassets in Resources */,
				8E30EED42C0E657C00328BCA /* Assets.xcassets in Resources */,
			);
			runOnlyForDeploymentPostprocessing = 0;
		};
/* End PBXResourcesBuildPhase section */

/* Begin PBXSourcesBuildPhase section */
		8E30EEC82C0E657B00328BCA /* Sources */ = {
			isa = PBXSourcesBuildPhase;
			buildActionMask = 2147483647;
			files = (
				8E6DCF432C10EDFC002B7FAF /* FrameworkHomeView.swift in Sources */,
				8EDA41012C0F8FDC000DF586 /* FrameworkDetailView.swift in Sources */,
				8EDA40FF2C0F8770000DF586 /* Framework.swift in Sources */,
				8E5E16EE2C10E25F0024E774 /* XDismissButton.swift in Sources */,
				8E63A7832C125A1200D4D657 /* FrameworkSettingsView.swift in Sources */,
				8E63A7802C1259A500D4D657 /* SettingsButton.swift in Sources */,
				8E30EED22C0E657B00328BCA /* FrameworkGridView.swift in Sources */,
				8EDA41032C0F91F6000DF586 /* AFButton.swift in Sources */,
				8E30EED02C0E657B00328BCA /* Apple_FrameworksApp.swift in Sources */,
				8EDA41052C0F94E5000DF586 /* FrameworkViewModel.swift in Sources */,
				8EA785C72C10ECAE009864DE /* FrameworkListView.swift in Sources */,
				8E5E16EC2C10E2020024E774 /* FrameworkTitleView.swift in Sources */,
				8EDA41072C0F99B7000DF586 /* SafariView.swift in Sources */,
			);
			runOnlyForDeploymentPostprocessing = 0;
		};
/* End PBXSourcesBuildPhase section */

/* Begin XCBuildConfiguration section */
		8E30EED82C0E657C00328BCA /* Debug */ = {
			isa = XCBuildConfiguration;
			buildSettings = {
				ALWAYS_SEARCH_USER_PATHS = NO;
				ASSETCATALOG_COMPILER_GENERATE_SWIFT_ASSET_SYMBOL_EXTENSIONS = YES;
				CLANG_ANALYZER_NONNULL = YES;
				CLANG_ANALYZER_NUMBER_OBJECT_CONVERSION = YES_AGGRESSIVE;
				CLANG_CXX_LANGUAGE_STANDARD = "gnu++20";
				CLANG_ENABLE_MODULES = YES;
				CLANG_ENABLE_OBJC_ARC = YES;
				CLANG_ENABLE_OBJC_WEAK = YES;
				CLANG_WARN_BLOCK_CAPTURE_AUTORELEASING = YES;
				CLANG_WARN_BOOL_CONVERSION = YES;
				CLANG_WARN_COMMA = YES;
				CLANG_WARN_CONSTANT_CONVERSION = YES;
				CLANG_WARN_DEPRECATED_OBJC_IMPLEMENTATIONS = YES;
				CLANG_WARN_DIRECT_OBJC_ISA_USAGE = YES_ERROR;
				CLANG_WARN_DOCUMENTATION_COMMENTS = YES;
				CLANG_WARN_EMPTY_BODY = YES;
				CLANG_WARN_ENUM_CONVERSION = YES;
				CLANG_WARN_INFINITE_RECURSION = YES;
				CLANG_WARN_INT_CONVERSION = YES;
				CLANG_WARN_NON_LITERAL_NULL_CONVERSION = YES;
				CLANG_WARN_OBJC_IMPLICIT_RETAIN_SELF = YES;
				CLANG_WARN_OBJC_LITERAL_CONVERSION = YES;
				CLANG_WARN_OBJC_ROOT_CLASS = YES_ERROR;
				CLANG_WARN_QUOTED_INCLUDE_IN_FRAMEWORK_HEADER = YES;
				CLANG_WARN_RANGE_LOOP_ANALYSIS = YES;
				CLANG_WARN_STRICT_PROTOTYPES = YES;
				CLANG_WARN_SUSPICIOUS_MOVE = YES;
				CLANG_WARN_UNGUARDED_AVAILABILITY = YES_AGGRESSIVE;
				CLANG_WARN_UNREACHABLE_CODE = YES;
				CLANG_WARN__DUPLICATE_METHOD_MATCH = YES;
				COPY_PHASE_STRIP = NO;
				DEBUG_INFORMATION_FORMAT = dwarf;
				ENABLE_STRICT_OBJC_MSGSEND = YES;
				ENABLE_TESTABILITY = YES;
				ENABLE_USER_SCRIPT_SANDBOXING = YES;
				GCC_C_LANGUAGE_STANDARD = gnu17;
				GCC_DYNAMIC_NO_PIC = NO;
				GCC_NO_COMMON_BLOCKS = YES;
				GCC_OPTIMIZATION_LEVEL = 0;
				GCC_PREPROCESSOR_DEFINITIONS = (
					"DEBUG=1",
					"$(inherited)",
				);
				GCC_WARN_64_TO_32_BIT_CONVERSION = YES;
				GCC_WARN_ABOUT_RETURN_TYPE = YES_ERROR;
				GCC_WARN_UNDECLARED_SELECTOR = YES;
				GCC_WARN_UNINITIALIZED_AUTOS = YES_AGGRESSIVE;
				GCC_WARN_UNUSED_FUNCTION = YES;
				GCC_WARN_UNUSED_VARIABLE = YES;
				IPHONEOS_DEPLOYMENT_TARGET = 17.2;
				LOCALIZATION_PREFERS_STRING_CATALOGS = YES;
				MTL_ENABLE_DEBUG_INFO = INCLUDE_SOURCE;
				MTL_FAST_MATH = YES;
				ONLY_ACTIVE_ARCH = YES;
				SDKROOT = iphoneos;
				SWIFT_ACTIVE_COMPILATION_CONDITIONS = "DEBUG $(inherited)";
				SWIFT_OPTIMIZATION_LEVEL = "-Onone";
			};
			name = Debug;
		};
		8E30EED92C0E657C00328BCA /* Release */ = {
			isa = XCBuildConfiguration;
			buildSettings = {
				ALWAYS_SEARCH_USER_PATHS = NO;
				ASSETCATALOG_COMPILER_GENERATE_SWIFT_ASSET_SYMBOL_EXTENSIONS = YES;
				CLANG_ANALYZER_NONNULL = YES;
				CLANG_ANALYZER_NUMBER_OBJECT_CONVERSION = YES_AGGRESSIVE;
				CLANG_CXX_LANGUAGE_STANDARD = "gnu++20";
				CLANG_ENABLE_MODULES = YES;
				CLANG_ENABLE_OBJC_ARC = YES;
				CLANG_ENABLE_OBJC_WEAK = YES;
				CLANG_WARN_BLOCK_CAPTURE_AUTORELEASING = YES;
				CLANG_WARN_BOOL_CONVERSION = YES;
				CLANG_WARN_COMMA = YES;
				CLANG_WARN_CONSTANT_CONVERSION = YES;
				CLANG_WARN_DEPRECATED_OBJC_IMPLEMENTATIONS = YES;
				CLANG_WARN_DIRECT_OBJC_ISA_USAGE = YES_ERROR;
				CLANG_WARN_DOCUMENTATION_COMMENTS = YES;
				CLANG_WARN_EMPTY_BODY = YES;
				CLANG_WARN_ENUM_CONVERSION = YES;
				CLANG_WARN_INFINITE_RECURSION = YES;
				CLANG_WARN_INT_CONVERSION = YES;
				CLANG_WARN_NON_LITERAL_NULL_CONVERSION = YES;
				CLANG_WARN_OBJC_IMPLICIT_RETAIN_SELF = YES;
				CLANG_WARN_OBJC_LITERAL_CONVERSION = YES;
				CLANG_WARN_OBJC_ROOT_CLASS = YES_ERROR;
				CLANG_WARN_QUOTED_INCLUDE_IN_FRAMEWORK_HEADER = YES;
				CLANG_WARN_RANGE_LOOP_ANALYSIS = YES;
				CLANG_WARN_STRICT_PROTOTYPES = YES;
				CLANG_WARN_SUSPICIOUS_MOVE = YES;
				CLANG_WARN_UNGUARDED_AVAILABILITY = YES_AGGRESSIVE;
				CLANG_WARN_UNREACHABLE_CODE = YES;
				CLANG_WARN__DUPLICATE_METHOD_MATCH = YES;
				COPY_PHASE_STRIP = NO;
				DEBUG_INFORMATION_FORMAT = "dwarf-with-dsym";
				ENABLE_NS_ASSERTIONS = NO;
				ENABLE_STRICT_OBJC_MSGSEND = YES;
				ENABLE_USER_SCRIPT_SANDBOXING = YES;
				GCC_C_LANGUAGE_STANDARD = gnu17;
				GCC_NO_COMMON_BLOCKS = YES;
				GCC_WARN_64_TO_32_BIT_CONVERSION = YES;
				GCC_WARN_ABOUT_RETURN_TYPE = YES_ERROR;
				GCC_WARN_UNDECLARED_SELECTOR = YES;
				GCC_WARN_UNINITIALIZED_AUTOS = YES_AGGRESSIVE;
				GCC_WARN_UNUSED_FUNCTION = YES;
				GCC_WARN_UNUSED_VARIABLE = YES;
				IPHONEOS_DEPLOYMENT_TARGET = 17.2;
				LOCALIZATION_PREFERS_STRING_CATALOGS = YES;
				MTL_ENABLE_DEBUG_INFO = NO;
				MTL_FAST_MATH = YES;
				SDKROOT = iphoneos;
				SWIFT_COMPILATION_MODE = wholemodule;
				VALIDATE_PRODUCT = YES;
			};
			name = Release;
		};
		8E30EEDB2C0E657C00328BCA /* Debug */ = {
			isa = XCBuildConfiguration;
			buildSettings = {
				ASSETCATALOG_COMPILER_APPICON_NAME = AppIcon;
				ASSETCATALOG_COMPILER_GLOBAL_ACCENT_COLOR_NAME = AccentColor;
				CODE_SIGN_STYLE = Automatic;
				CURRENT_PROJECT_VERSION = 1;
				DEVELOPMENT_ASSET_PATHS = "\"Apple-Frameworks/Preview Content\"";
				DEVELOPMENT_TEAM = D2PX78XJ94;
				ENABLE_PREVIEWS = YES;
				GENERATE_INFOPLIST_FILE = YES;
				INFOPLIST_KEY_UIApplicationSceneManifest_Generation = YES;
				INFOPLIST_KEY_UIApplicationSupportsIndirectInputEvents = YES;
				INFOPLIST_KEY_UILaunchScreen_Generation = YES;
				INFOPLIST_KEY_UISupportedInterfaceOrientations_iPad = "UIInterfaceOrientationPortrait UIInterfaceOrientationPortraitUpsideDown UIInterfaceOrientationLandscapeLeft UIInterfaceOrientationLandscapeRight";
				INFOPLIST_KEY_UISupportedInterfaceOrientations_iPhone = "UIInterfaceOrientationPortrait UIInterfaceOrientationLandscapeLeft UIInterfaceOrientationLandscapeRight";
				LD_RUNPATH_SEARCH_PATHS = (
					"$(inherited)",
					"@executable_path/Frameworks",
				);
				MARKETING_VERSION = 1.0;
				PRODUCT_BUNDLE_IDENTIFIER = "com.kylebeyers.Apple-Frameworks";
				PRODUCT_NAME = "$(TARGET_NAME)";
				SWIFT_EMIT_LOC_STRINGS = YES;
				SWIFT_VERSION = 5.0;
				TARGETED_DEVICE_FAMILY = "1,2";
			};
			name = Debug;
		};
		8E30EEDC2C0E657C00328BCA /* Release */ = {
			isa = XCBuildConfiguration;
			buildSettings = {
				ASSETCATALOG_COMPILER_APPICON_NAME = AppIcon;
				ASSETCATALOG_COMPILER_GLOBAL_ACCENT_COLOR_NAME = AccentColor;
				CODE_SIGN_STYLE = Automatic;
				CURRENT_PROJECT_VERSION = 1;
				DEVELOPMENT_ASSET_PATHS = "\"Apple-Frameworks/Preview Content\"";
				DEVELOPMENT_TEAM = D2PX78XJ94;
				ENABLE_PREVIEWS = YES;
				GENERATE_INFOPLIST_FILE = YES;
				INFOPLIST_KEY_UIApplicationSceneManifest_Generation = YES;
				INFOPLIST_KEY_UIApplicationSupportsIndirectInputEvents = YES;
				INFOPLIST_KEY_UILaunchScreen_Generation = YES;
				INFOPLIST_KEY_UISupportedInterfaceOrientations_iPad = "UIInterfaceOrientationPortrait UIInterfaceOrientationPortraitUpsideDown UIInterfaceOrientationLandscapeLeft UIInterfaceOrientationLandscapeRight";
				INFOPLIST_KEY_UISupportedInterfaceOrientations_iPhone = "UIInterfaceOrientationPortrait UIInterfaceOrientationLandscapeLeft UIInterfaceOrientationLandscapeRight";
				LD_RUNPATH_SEARCH_PATHS = (
					"$(inherited)",
					"@executable_path/Frameworks",
				);
				MARKETING_VERSION = 1.0;
				PRODUCT_BUNDLE_IDENTIFIER = "com.kylebeyers.Apple-Frameworks";
				PRODUCT_NAME = "$(TARGET_NAME)";
				SWIFT_EMIT_LOC_STRINGS = YES;
				SWIFT_VERSION = 5.0;
				TARGETED_DEVICE_FAMILY = "1,2";
			};
			name = Release;
		};
/* End XCBuildConfiguration section */

/* Begin XCConfigurationList section */
		8E30EEC72C0E657B00328BCA /* Build configuration list for PBXProject "Apple-Frameworks" */ = {
			isa = XCConfigurationList;
			buildConfigurations = (
				8E30EED82C0E657C00328BCA /* Debug */,
				8E30EED92C0E657C00328BCA /* Release */,
			);
			defaultConfigurationIsVisible = 0;
			defaultConfigurationName = Release;
		};
		8E30EEDA2C0E657C00328BCA /* Build configuration list for PBXNativeTarget "Apple-Frameworks" */ = {
			isa = XCConfigurationList;
			buildConfigurations = (
				8E30EEDB2C0E657C00328BCA /* Debug */,
				8E30EEDC2C0E657C00328BCA /* Release */,
			);
			defaultConfigurationIsVisible = 0;
			defaultConfigurationName = Release;
		};
/* End XCConfigurationList section */
	};
	rootObject = 8E30EEC42C0E657B00328BCA /* Project object */;
}
